<?xml version="1.0" encoding="utf-8"?>
<Project ToolsVersion="4.0" xmlns="http://schemas.microsoft.com/developer/msbuild/2003">
  <ItemGroup>
    <ClCompile Include="AutoSaver.cpp">
      <Filter>Source Files</Filter>
    </ClCompile>
    <ClCompile Include="ChildFrm.cpp">
      <Filter>Source Files</Filter>
    </ClCompile>
    <ClCompile Include="CleanupSong.cpp">
      <Filter>Source Files</Filter>
    </ClCompile>
    <ClCompile Include="CommandSet.cpp">
      <Filter>Source Files</Filter>
    </ClCompile>
    <ClCompile Include="CreditStatic.cpp">
      <Filter>Source Files</Filter>
    </ClCompile>
    <ClCompile Include="ctrl_com.cpp">
      <Filter>Source Files</Filter>
    </ClCompile>
    <ClCompile Include="ctrl_gen.cpp">
      <Filter>Source Files</Filter>
    </ClCompile>
    <ClCompile Include="ctrl_ins.cpp">
      <Filter>Source Files</Filter>
    </ClCompile>
    <ClCompile Include="ctrl_pat.cpp">
      <Filter>Source Files</Filter>
    </ClCompile>
    <ClCompile Include="ctrl_seq.cpp">
      <Filter>Source Files</Filter>
    </ClCompile>
    <ClCompile Include="ctrl_smp.cpp">
      <Filter>Source Files</Filter>
    </ClCompile>
    <ClCompile Include="DefaultVstEditor.cpp">
      <Filter>Source Files</Filter>
    </ClCompile>
    <ClCompile Include="draw_pat.cpp">
      <Filter>Source Files</Filter>
    </ClCompile>
    <ClCompile Include="fxp.cpp">
      <Filter>Source Files</Filter>
    </ClCompile>
    <ClCompile Include="globals.cpp">
      <Filter>Source Files</Filter>
    </ClCompile>
    <ClCompile Include="HyperEdit.cpp">
      <Filter>Source Files</Filter>
    </ClCompile>
    <ClCompile Include="HyperEdit3.cpp">
      <Filter>Source Files</Filter>
    </ClCompile>
    <ClCompile Include="HyperEdit2.cpp">
      <Filter>Source Files</Filter>
    </ClCompile>
    <ClCompile Include="InputHandler.cpp">
      <Filter>Source Files</Filter>
    </ClCompile>
    <ClCompile Include="mainbar.cpp">
      <Filter>Source Files</Filter>
    </ClCompile>
    <ClCompile Include="ModConvert.cpp">
      <Filter>Source Files</Filter>
    </ClCompile>
    <ClCompile Include="Moddoc.cpp">
      <Filter>Source Files</Filter>
    </ClCompile>
    <ClCompile Include="Modedit.cpp">
      <Filter>Source Files</Filter>
    </ClCompile>
    <ClCompile Include="Mod2wave.cpp">
      <Filter>Source Files</Filter>
    </ClCompile>
    <ClCompile Include="MainFrm.cpp">
      <Filter>Source Files</Filter>
    </ClCompile>
    <ClCompile Include="mod2midi.cpp">
      <Filter>Source Files</Filter>
    </ClCompile>
    <ClCompile Include="view_com.cpp">
      <Filter>Source Files</Filter>
    </ClCompile>
    <ClCompile Include="view_gen.cpp">
      <Filter>Source Files</Filter>
    </ClCompile>
    <ClCompile Include="view_ins.cpp">
      <Filter>Source Files</Filter>
    </ClCompile>
    <ClCompile Include="view_pat.cpp">
      <Filter>Source Files</Filter>
    </ClCompile>
    <ClCompile Include="view_smp.cpp">
      <Filter>Source Files</Filter>
    </ClCompile>
    <ClCompile Include="view_tre.cpp">
      <Filter>Source Files</Filter>
    </ClCompile>
    <ClCompile Include="test\test.cpp">
      <Filter>test</Filter>
    </ClCompile>
    <ClCompile Include="vstplug.cpp">
      <Filter>Source Files</Filter>
    </ClCompile>
    <ClCompile Include="VSTEditor.cpp">
      <Filter>Source Files</Filter>
    </ClCompile>
    <ClCompile Include="UpdateCheck.cpp">
      <Filter>Source Files</Filter>
    </ClCompile>
    <ClCompile Include="TrackerSettings.cpp">
      <Filter>Source Files</Filter>
    </ClCompile>
    <ClCompile Include="tagging.cpp">
      <Filter>Source Files</Filter>
    </ClCompile>
    <ClCompile Include="StdAfx.cpp">
      <Filter>Source Files</Filter>
    </ClCompile>
    <ClCompile Include="ChannelManagerDlg.cpp">
      <Filter>Source Files\Dialogs</Filter>
    </ClCompile>
    <ClCompile Include="CloseMainDialog.cpp">
      <Filter>Source Files\Dialogs</Filter>
    </ClCompile>
    <ClCompile Include="AbstractVstEditor.cpp">
      <Filter>Source Files</Filter>
    </ClCompile>
    <ClCompile Include="dlg_misc.cpp">
      <Filter>Source Files\Dialogs</Filter>
    </ClCompile>
    <ClCompile Include="Mpdlgs.cpp">
      <Filter>Source Files\Dialogs</Filter>
    </ClCompile>
    <ClCompile Include="PatternEditorDialogs.cpp">
      <Filter>Source Files\Dialogs</Filter>
    </ClCompile>
    <ClCompile Include="PatternGotoDialog.cpp">
      <Filter>Source Files\Dialogs</Filter>
    </ClCompile>
    <ClCompile Include="SampleEditorDialogs.cpp">
      <Filter>Source Files\Dialogs</Filter>
    </ClCompile>
    <ClCompile Include="ColourEdit.cpp">
      <Filter>Source Files</Filter>
    </ClCompile>
    <ClCompile Include="Moptions.cpp">
      <Filter>Source Files\Dialogs</Filter>
    </ClCompile>
    <ClCompile Include="ScaleEnvPointsDlg.cpp">
      <Filter>Source Files\Dialogs</Filter>
    </ClCompile>
    <ClCompile Include="mptrack.cpp">
      <Filter>Source Files</Filter>
    </ClCompile>
    <ClCompile Include="MoveFXSlotDialog.cpp">
      <Filter>Source Files\Dialogs</Filter>
    </ClCompile>
    <ClCompile Include="mpt_midi.cpp">
      <Filter>Source Files</Filter>
    </ClCompile>
    <ClCompile Include="MPTHacks.cpp">
      <Filter>Source Files</Filter>
    </ClCompile>
    <ClCompile Include="Undo.cpp">
      <Filter>Source Files</Filter>
    </ClCompile>
    <ClCompile Include="SelectPluginDialog.cpp">
      <Filter>Source Files</Filter>
    </ClCompile>
    <ClCompile Include="ACMConvert.cpp">
      <Filter>Source Files</Filter>
    </ClCompile>
    <ClCompile Include="ExceptionHandler.cpp">
      <Filter>Source Files</Filter>
    </ClCompile>
    <ClCompile Include="..\common\Reporting.cpp">
      <Filter>Source Files</Filter>
    </ClCompile>
    <ClCompile Include="KeyConfigDlg.cpp">
      <Filter>Source Files\Dialogs</Filter>
    </ClCompile>
    <ClCompile Include="MIDIMappingDialog.cpp">
      <Filter>Source Files\Dialogs</Filter>
    </ClCompile>
    <ClCompile Include="Autotune.cpp">
      <Filter>Source Files</Filter>
    </ClCompile>
    <ClCompile Include="MIDIMacroDialog.cpp">
      <Filter>Source Files\Dialogs</Filter>
    </ClCompile>
    <ClCompile Include="EffectInfo.cpp">
      <Filter>Source Files</Filter>
    </ClCompile>
    <ClCompile Include="EffectVis.cpp">
      <Filter>Source Files\Dialogs</Filter>
    </ClCompile>
    <ClCompile Include="PSRatioCalc.cpp">
      <Filter>Source Files\Dialogs</Filter>
    </ClCompile>
    <ClCompile Include="PatternClipboard.cpp">
      <Filter>Source Files</Filter>
    </ClCompile>
    <ClCompile Include="..\soundlib\plugins\JBridge.cpp">
      <Filter>Source Files</Filter>
    </ClCompile>
    <ClCompile Include="TuningDialog.cpp">
      <Filter>Source Files\Dialogs</Filter>
    </ClCompile>
    <ClCompile Include="modsmp_ctrl.cpp">
      <Filter>Source Files</Filter>
    </ClCompile>
    <ClCompile Include="MIDIMapping.cpp">
      <Filter>Source Files</Filter>
    </ClCompile>
  </ItemGroup>
  <ItemGroup>
    <ClInclude Include="AbstractVstEditor.h">
      <Filter>Header Files</Filter>
    </ClInclude>
    <ClInclude Include="AutoSaver.h">
      <Filter>Header Files</Filter>
    </ClInclude>
    <ClInclude Include="ChildFrm.h">
      <Filter>Header Files</Filter>
    </ClInclude>
    <ClInclude Include="CleanupSong.h">
      <Filter>Header Files</Filter>
    </ClInclude>
    <ClInclude Include="CommandSet.h">
      <Filter>Header Files</Filter>
    </ClInclude>
    <ClInclude Include="CreditStatic.h">
      <Filter>Header Files</Filter>
    </ClInclude>
    <ClInclude Include="ctrl_com.h">
      <Filter>Header Files</Filter>
    </ClInclude>
    <ClInclude Include="ctrl_gen.h">
      <Filter>Header Files</Filter>
    </ClInclude>
    <ClInclude Include="ctrl_ins.h">
      <Filter>Header Files</Filter>
    </ClInclude>
    <ClInclude Include="ctrl_pat.h">
      <Filter>Header Files</Filter>
    </ClInclude>
    <ClInclude Include="ctrl_smp.h">
      <Filter>Header Files</Filter>
    </ClInclude>
    <ClInclude Include="DefaultVstEditor.h">
      <Filter>Header Files</Filter>
    </ClInclude>
    <ClInclude Include="..\Soundlib\Dlsbank.h">
      <Filter>Header Files</Filter>
    </ClInclude>
    <ClInclude Include="fxp.h">
      <Filter>Header Files</Filter>
    </ClInclude>
    <ClInclude Include="globals.h">
      <Filter>Header Files</Filter>
    </ClInclude>
    <ClInclude Include="InputHandler.h">
      <Filter>Header Files</Filter>
    </ClInclude>
    <ClInclude Include="mainbar.h">
      <Filter>Header Files</Filter>
    </ClInclude>
    <ClInclude Include="MainFrm.h">
      <Filter>Header Files</Filter>
    </ClInclude>
    <ClInclude Include="mod2midi.h">
      <Filter>Header Files</Filter>
    </ClInclude>
    <ClInclude Include="mod2wave.h">
      <Filter>Header Files</Filter>
    </ClInclude>
    <ClInclude Include="ModConvert.h">
      <Filter>Header Files</Filter>
    </ClInclude>
    <ClInclude Include="mptrack.h">
      <Filter>Header Files</Filter>
    </ClInclude>
    <ClInclude Include="vstplug.h">
      <Filter>Header Files</Filter>
    </ClInclude>
    <ClInclude Include="VSTEditor.h">
      <Filter>Header Files</Filter>
    </ClInclude>
    <ClInclude Include="view_tre.h">
      <Filter>Header Files</Filter>
    </ClInclude>
    <ClInclude Include="view_smp.h">
      <Filter>Header Files</Filter>
    </ClInclude>
    <ClInclude Include="view_pat.h">
      <Filter>Header Files</Filter>
    </ClInclude>
    <ClInclude Include="view_ins.h">
      <Filter>Header Files</Filter>
    </ClInclude>
    <ClInclude Include="view_gen.h">
      <Filter>Header Files</Filter>
    </ClInclude>
    <ClInclude Include="view_com.h">
      <Filter>Header Files</Filter>
    </ClInclude>
    <ClInclude Include="version.h">
      <Filter>Header Files</Filter>
    </ClInclude>
    <ClInclude Include="Undo.h">
      <Filter>Header Files</Filter>
    </ClInclude>
    <ClInclude Include="test\test.h">
      <Filter>test</Filter>
    </ClInclude>
    <ClInclude Include="ChannelManagerDlg.h">
      <Filter>Header Files\Dialogs</Filter>
    </ClInclude>
    <ClInclude Include="CloseMainDialog.h">
      <Filter>Header Files\Dialogs</Filter>
    </ClInclude>
    <ClInclude Include="dlg_misc.h">
      <Filter>Header Files\Dialogs</Filter>
    </ClInclude>
    <ClInclude Include="Mpdlgs.h">
      <Filter>Header Files\Dialogs</Filter>
    </ClInclude>
    <ClInclude Include="PatternGotoDialog.h">
      <Filter>Header Files\Dialogs</Filter>
    </ClInclude>
    <ClInclude Include="PatternEditorDialogs.h">
      <Filter>Header Files\Dialogs</Filter>
    </ClInclude>
    <ClInclude Include="ColourEdit.h">
      <Filter>Header Files</Filter>
    </ClInclude>
    <ClInclude Include="Moptions.h">
      <Filter>Header Files\Dialogs</Filter>
    </ClInclude>
    <ClInclude Include="moddoc.h">
      <Filter>Header Files</Filter>
    </ClInclude>
    <ClInclude Include="..\soundlib\patternContainer.h">
      <Filter>Header Files</Filter>
    </ClInclude>
    <ClInclude Include="Resource.h">
      <Filter>Header Files</Filter>
    </ClInclude>
    <ClInclude Include="..\Soundlib\snddev.h">
      <Filter>Header Files</Filter>
    </ClInclude>
    <ClInclude Include="..\Soundlib\snddevx.h">
      <Filter>Header Files</Filter>
    </ClInclude>
    <ClInclude Include="StdAfx.h">
      <Filter>Header Files</Filter>
    </ClInclude>
    <ClInclude Include="tagging.h">
      <Filter>Header Files</Filter>
    </ClInclude>
    <ClInclude Include="TrackerSettings.h">
      <Filter>Header Files</Filter>
    </ClInclude>
    <ClInclude Include="ScaleEnvPointsDlg.h">
      <Filter>Header Files\Dialogs</Filter>
    </ClInclude>
    <ClInclude Include="MoveFXSlotDialog.h">
      <Filter>Header Files\Dialogs</Filter>
    </ClInclude>
    <ClInclude Include="SampleEditorDialogs.h">
      <Filter>Header Files\Dialogs</Filter>
    </ClInclude>
    <ClInclude Include="UpdateCheck.h">
      <Filter>Header Files</Filter>
    </ClInclude>
    <ClInclude Include="SelectPluginDialog.h">
      <Filter>Header Files\Dialogs</Filter>
    </ClInclude>
    <ClInclude Include="ACMConvert.h">
      <Filter>Header Files</Filter>
    </ClInclude>
    <ClInclude Include="ExceptionHandler.h">
      <Filter>Header Files</Filter>
    </ClInclude>
    <ClInclude Include="..\common\Reporting.h">
      <Filter>Header Files</Filter>
    </ClInclude>
    <ClInclude Include="KeyConfigDlg.h">
      <Filter>Header Files\Dialogs</Filter>
    </ClInclude>
    <ClInclude Include="MIDIMappingDialog.h">
      <Filter>Header Files\Dialogs</Filter>
    </ClInclude>
    <ClInclude Include="Autotune.h">
      <Filter>Header Files</Filter>
    </ClInclude>
    <ClInclude Include="MIDIMacroDialog.h">
      <Filter>Header Files\Dialogs</Filter>
    </ClInclude>
    <ClInclude Include="..\soundlib\plugins\PluginMixBuffer.h">
      <Filter>Header Files</Filter>
    </ClInclude>
    <ClInclude Include="..\soundlib\plugins\PlugInterface.h">
      <Filter>Header Files</Filter>
    </ClInclude>
    <ClInclude Include="EffectInfo.h">
      <Filter>Header Files</Filter>
    </ClInclude>
    <ClInclude Include="EffectVis.h">
      <Filter>Header Files\Dialogs</Filter>
    </ClInclude>
    <ClInclude Include="PSRatioCalc.h">
      <Filter>Header Files\Dialogs</Filter>
    </ClInclude>
    <ClInclude Include="PatternClipboard.h">
      <Filter>Header Files</Filter>
    </ClInclude>
    <ClInclude Include="PatternCursor.h">
      <Filter>Header Files</Filter>
    </ClInclude>
    <ClInclude Include="..\soundlib\plugins\PluginEventQueue.h">
      <Filter>Header Files</Filter>
    </ClInclude>
    <ClInclude Include="..\soundlib\plugins\JBridge.h">
      <Filter>Header Files</Filter>
    </ClInclude>
    <ClInclude Include="TuningDialog.h">
      <Filter>Header Files\Dialogs</Filter>
    </ClInclude>
    <ClInclude Include="modsmp_ctrl.h">
      <Filter>Header Files</Filter>
    </ClInclude>
    <ClInclude Include="MIDIMapping.h">
      <Filter>Header Files</Filter>
    </ClInclude>
  </ItemGroup>
  <ItemGroup>
    <None Include="res\bitmap1.bmp">
      <Filter>Resource Files</Filter>
    </None>
    <None Include="res\vumeters.bmp">
      <Filter>Resource Files</Filter>
    </None>
    <None Include="res\built-inTunings.tc">
      <Filter>Resource Files</Filter>
    </None>
    <None Include="res\colors.bmp">
      <Filter>Resource Files</Filter>
    </None>
    <None Include="res\defaultKeybindings.mkb">
      <Filter>Resource Files</Filter>
    </None>
    <None Include="res\dragging.cur">
      <Filter>Resource Files</Filter>
    </None>
    <None Include="Res\envbar.bmp">
      <Filter>Resource Files</Filter>
    </None>
    <None Include="res\img_list.bmp">
      <Filter>Resource Files</Filter>
    </None>
    <None Include="res\mainbar.bmp">
      <Filter>Resource Files</Filter>
    </None>
    <None Include="res\moddoc.ico">
      <Filter>Resource Files</Filter>
    </None>
    <None Include="res\MPTRACK.bmp">
      <Filter>Resource Files</Filter>
    </None>
    <None Include="res\mptrack.ico">
      <Filter>Resource Files</Filter>
    </None>
    <None Include="res\mptrack.rc2">
      <Filter>Resource Files</Filter>
    </None>
    <None Include="mptrack.reg">
      <Filter>Resource Files</Filter>
    </None>
    <None Include="VTune\mptrack.vpj">
      <Filter>Resource Files</Filter>
    </None>
    <None Include="Res\nodrag.cur">
      <Filter>Resource Files</Filter>
    </None>
    <None Include="res\nodrop.cur">
      <Filter>Resource Files</Filter>
    </None>
    <None Include="res\patterns.bmp">
      <Filter>Resource Files</Filter>
    </None>
    <None Include="res\rt_manif.bin">
      <Filter>Resource Files</Filter>
    </None>
    <None Include="Res\smptoolb.bmp">
      <Filter>Resource Files</Filter>
    </None>
    <None Include="res\splashno.bmp">
      <Filter>Resource Files</Filter>
    </None>
    <None Include="res\view_pat.bmp">
      <Filter>Resource Files</Filter>
    </None>
    <None Include="res\visnode1.bmp">
      <Filter>Resource Files</Filter>
    </None>
    <None Include="res\vispcnode.bmp">
      <Filter>Resource Files</Filter>
    </None>
  </ItemGroup>
  <ItemGroup>
    <Filter Include="Header Files">
      <UniqueIdentifier>{41a5e65d-7591-4871-b2b3-29e5293c5782}</UniqueIdentifier>
      <Extensions>h;hpp;hxx;hm;inl</Extensions>
    </Filter>
    <Filter Include="test">
      <UniqueIdentifier>{fda74a72-cae0-4dfa-b22c-31f7ddcb1ec3}</UniqueIdentifier>
    </Filter>
    <Filter Include="Source Files">
      <UniqueIdentifier>{cd3e5871-5f13-4cdf-a869-f807737d2906}</UniqueIdentifier>
      <Extensions>cpp;c;cxx;rc;def;r;odl;idl;hpj;bat</Extensions>
    </Filter>
    <Filter Include="Source Files\Dialogs">
      <UniqueIdentifier>{0ae72d82-d4a4-408f-919e-d54d696101d6}</UniqueIdentifier>
    </Filter>
    <Filter Include="Header Files\Dialogs">
      <UniqueIdentifier>{7526c521-5a42-4ad4-9d39-76f5871e5771}</UniqueIdentifier>
    </Filter>
    <Filter Include="Resource Files">
      <UniqueIdentifier>{5a7bae01-9526-4d85-9c00-0a280e22ad0b}</UniqueIdentifier>
      <Extensions>ico;cur;bmp;dlg;rc2;rct;bin;cnt;rtf;gif;jpg;jpeg;jpe</Extensions>
    </Filter>
  </ItemGroup>
  <ItemGroup>
    <ResourceCompile Include="mptrack.rc">
      <Filter>Resource Files</Filter>
    </ResourceCompile>
  </ItemGroup>
</Project>