<?xml version="1.0" encoding="utf-8"?>
<Project ToolsVersion="4.0" xmlns="http://schemas.microsoft.com/developer/msbuild/2003">
	<ItemGroup>
		<Filter Include="include">
			<UniqueIdentifier>{01E60EA5-6308-764F-9507-B95514637D59}</UniqueIdentifier>
		</Filter>
		<Filter Include="include\ogg">
			<UniqueIdentifier>{38744EE5-124E-6640-A152-936F678ABCFF}</UniqueIdentifier>
		</Filter>
		<Filter Include="src">
			<UniqueIdentifier>{16AD7B67-6AB4-904E-88D6-8821DF35E0D7}</UniqueIdentifier>
		</Filter>
	</ItemGroup>
	<ItemGroup>
		<ClInclude Include="include\ogg\ogg.h">
			<Filter>include\ogg</Filter>
		</ClInclude>
		<ClInclude Include="include\ogg\os_types.h">
			<Filter>include\ogg</Filter>
		</ClInclude>
	</ItemGroup>
	<ItemGroup>
		<ClCompile Include="src\bitwise.c">
			<Filter>src</Filter>
		</ClCompile>
		<ClCompile Include="src\framing.c">
			<Filter>src</Filter>
		</ClCompile>
	</ItemGroup>
</Project>
